PODS:
  - BSImagePicker (3.1.0)
  - SnapKit (5.6.0)

DEPENDENCIES:
  - BSImagePicker (= 3.1)
  - SnapKit (= 5.6.0)

SPEC REPOS:
  trunk:
    - BSImagePicker
    - SnapKit

SPEC CHECKSUMS:
  BSImagePicker: a100bedacb3c6cdec20efb2dd326d9765ab70c1c
  SnapKit: e01d52ebb8ddbc333eefe2132acf85c8227d9c25

PODFILE CHECKSUM: c4553577f6ff58219cedefc76733de803a920442

COCOAPODS: 1.11.3
