PODS:
  - SnapKit (5.6.0)
  - ZLPhotoBrowser (4.3.6):
    - ZLPhotoBrowser/Core (= 4.3.6)
  - ZLPhotoBrowser/Core (4.3.6)

DEPENDENCIES:
  - SnapKit (= 5.6.0)
  - ZLPhotoBrowser (= 4.3.6)

SPEC REPOS:
  trunk:
    - SnapKit
    - ZLPhotoBrowser

SPEC CHECKSUMS:
  SnapKit: e01d52ebb8ddbc333eefe2132acf85c8227d9c25
  ZLPhotoBrowser: 332a6d3c43262bbfd1596a53f5bb9d060360d6b8

PODFILE CHECKSUM: 6d7ff58c28991b7fcc6fab530c74af88b6a86843

COCOAPODS: 1.11.3
