PODS:
  - SnapKit (5.6.0)
  - Toast-Swift (5.0.1)
  - ZLPhotoBrowser (4.3.6):
    - ZLPhotoBrowser/Core (= 4.3.6)
  - ZLPhotoBrowser/Core (4.3.6)

DEPENDENCIES:
  - SnapKit (= 5.6.0)
  - Toast-Swift (= 5.0.1)
  - ZLPhotoBrowser (= 4.3.6)

SPEC REPOS:
  trunk:
    - SnapKit
    - Toast-Swift
    - ZLPhotoBrowser

SPEC CHECKSUMS:
  SnapKit: e01d52ebb8ddbc333eefe2132acf85c8227d9c25
  Toast-Swift: 9b6a70f28b3bf0b96c40d46c0c4b9d6639846711
  ZLPhotoBrowser: 332a6d3c43262bbfd1596a53f5bb9d060360d6b8

PODFILE CHECKSUM: 76c71a82a6412ec5a60109d68d0526f092470b7e

COCOAPODS: 1.11.3
