// !$*UTF8*$!
{
	archiveVersion = 1;
	classes = {
	};
	objectVersion = 55;
	objects = {

/* Begin PBXBuildFile section */
		814BB1D2833A337DFEA89650 /* Pods_MovieKitDemo.framework in Frameworks */ = {isa = PBXBuildFile; fileRef = 2C802CE1BB7E652B4408BEC4 /* Pods_MovieKitDemo.framework */; };
		8805BF8428CE3D8300EBDEEF /* BaseViewController.swift in Sources */ = {isa = PBXBuildFile; fileRef = 8805BF8328CE3D8300EBDEEF /* BaseViewController.swift */; };
		8805BF8728CE3DEF00EBDEEF /* Colors.swift in Sources */ = {isa = PBXBuildFile; fileRef = 8805BF8628CE3DEF00EBDEEF /* Colors.swift */; };
		8805BF8A28CE404000EBDEEF /* UIColor+Extension.swift in Sources */ = {isa = PBXBuildFile; fileRef = 8805BF8928CE404000EBDEEF /* UIColor+Extension.swift */; };
		8805BF8E28CEDBA800EBDEEF /* EditorViewController+EditorTimelineBarDelegate.swift in Sources */ = {isa = PBXBuildFile; fileRef = 8805BF8D28CEDBA800EBDEEF /* EditorViewController+EditorTimelineBarDelegate.swift */; };
		8821148828CF2553003BD150 /* ImagePickerHandler.swift in Sources */ = {isa = PBXBuildFile; fileRef = 8821148728CF2553003BD150 /* ImagePickerHandler.swift */; };
		8821148C28CF919A003BD150 /* ImagePickerController+Extension.swift in Sources */ = {isa = PBXBuildFile; fileRef = 8821148B28CF919A003BD150 /* ImagePickerController+Extension.swift */; };
		88DBDAA128CD9F56004BDFA6 /* AppDelegate.swift in Sources */ = {isa = PBXBuildFile; fileRef = 88DBDAA028CD9F56004BDFA6 /* AppDelegate.swift */; };
		88DBDAA828CD9F56004BDFA6 /* Main.storyboard in Resources */ = {isa = PBXBuildFile; fileRef = 88DBDAA628CD9F56004BDFA6 /* Main.storyboard */; };
		88DBDAAA28CD9F56004BDFA6 /* Assets.xcassets in Resources */ = {isa = PBXBuildFile; fileRef = 88DBDAA928CD9F56004BDFA6 /* Assets.xcassets */; };
		88DBDAAD28CD9F56004BDFA6 /* LaunchScreen.storyboard in Resources */ = {isa = PBXBuildFile; fileRef = 88DBDAAB28CD9F56004BDFA6 /* LaunchScreen.storyboard */; };
		88DBDAC228CDA326004BDFA6 /* Composition.swift in Sources */ = {isa = PBXBuildFile; fileRef = 88DBDAC028CDA326004BDFA6 /* Composition.swift */; };
		88DBDAC328CDA326004BDFA6 /* Clip.swift in Sources */ = {isa = PBXBuildFile; fileRef = 88DBDAC128CDA326004BDFA6 /* Clip.swift */; };
		88DBDAC928CDA627004BDFA6 /* EditorViewController.swift in Sources */ = {isa = PBXBuildFile; fileRef = 88DBDAC828CDA627004BDFA6 /* EditorViewController.swift */; };
		88DBDACB28CDA814004BDFA6 /* EditorViewController+UI.swift in Sources */ = {isa = PBXBuildFile; fileRef = 88DBDACA28CDA814004BDFA6 /* EditorViewController+UI.swift */; };
		88DBDACD28CDAA49004BDFA6 /* EditorBottomToolBar.swift in Sources */ = {isa = PBXBuildFile; fileRef = 88DBDACC28CDAA49004BDFA6 /* EditorBottomToolBar.swift */; };
		88DBDAD128CDAA84004BDFA6 /* EditorSubBottomToolBar.swift in Sources */ = {isa = PBXBuildFile; fileRef = 88DBDAD028CDAA84004BDFA6 /* EditorSubBottomToolBar.swift */; };
		88DBDAD328CDAA98004BDFA6 /* EditorTopToolBar.swift in Sources */ = {isa = PBXBuildFile; fileRef = 88DBDAD228CDAA98004BDFA6 /* EditorTopToolBar.swift */; };
		88DBDAD528CDAAED004BDFA6 /* EditorTimelineBar.swift in Sources */ = {isa = PBXBuildFile; fileRef = 88DBDAD428CDAAED004BDFA6 /* EditorTimelineBar.swift */; };
		88DBDAD728CDAB4B004BDFA6 /* EditorPlayerView.swift in Sources */ = {isa = PBXBuildFile; fileRef = 88DBDAD628CDAB4B004BDFA6 /* EditorPlayerView.swift */; };
/* End PBXBuildFile section */

/* Begin PBXFileReference section */
		1694066F573AD98BB2469368 /* Pods-MovieKitDemo.release.xcconfig */ = {isa = PBXFileReference; includeInIndex = 1; lastKnownFileType = text.xcconfig; name = "Pods-MovieKitDemo.release.xcconfig"; path = "Target Support Files/Pods-MovieKitDemo/Pods-MovieKitDemo.release.xcconfig"; sourceTree = "<group>"; };
		2C802CE1BB7E652B4408BEC4 /* Pods_MovieKitDemo.framework */ = {isa = PBXFileReference; explicitFileType = wrapper.framework; includeInIndex = 0; path = Pods_MovieKitDemo.framework; sourceTree = BUILT_PRODUCTS_DIR; };
		8805BF8328CE3D8300EBDEEF /* BaseViewController.swift */ = {isa = PBXFileReference; fileEncoding = 4; lastKnownFileType = sourcecode.swift; path = BaseViewController.swift; sourceTree = "<group>"; };
		8805BF8628CE3DEF00EBDEEF /* Colors.swift */ = {isa = PBXFileReference; lastKnownFileType = sourcecode.swift; path = Colors.swift; sourceTree = "<group>"; };
		8805BF8928CE404000EBDEEF /* UIColor+Extension.swift */ = {isa = PBXFileReference; lastKnownFileType = sourcecode.swift; path = "UIColor+Extension.swift"; sourceTree = "<group>"; };
		8805BF8D28CEDBA800EBDEEF /* EditorViewController+EditorTimelineBarDelegate.swift */ = {isa = PBXFileReference; lastKnownFileType = sourcecode.swift; path = "EditorViewController+EditorTimelineBarDelegate.swift"; sourceTree = "<group>"; };
		8821148728CF2553003BD150 /* ImagePickerHandler.swift */ = {isa = PBXFileReference; lastKnownFileType = sourcecode.swift; path = ImagePickerHandler.swift; sourceTree = "<group>"; };
		8821148B28CF919A003BD150 /* ImagePickerController+Extension.swift */ = {isa = PBXFileReference; lastKnownFileType = sourcecode.swift; path = "ImagePickerController+Extension.swift"; sourceTree = "<group>"; };
		88DBDA9D28CD9F56004BDFA6 /* MovieKitDemo.app */ = {isa = PBXFileReference; explicitFileType = wrapper.application; includeInIndex = 0; path = MovieKitDemo.app; sourceTree = BUILT_PRODUCTS_DIR; };
		88DBDAA028CD9F56004BDFA6 /* AppDelegate.swift */ = {isa = PBXFileReference; lastKnownFileType = sourcecode.swift; path = AppDelegate.swift; sourceTree = "<group>"; };
		88DBDAA728CD9F56004BDFA6 /* Base */ = {isa = PBXFileReference; lastKnownFileType = file.storyboard; name = Base; path = Base.lproj/Main.storyboard; sourceTree = "<group>"; };
		88DBDAA928CD9F56004BDFA6 /* Assets.xcassets */ = {isa = PBXFileReference; lastKnownFileType = folder.assetcatalog; path = Assets.xcassets; sourceTree = "<group>"; };
		88DBDAAC28CD9F56004BDFA6 /* Base */ = {isa = PBXFileReference; lastKnownFileType = file.storyboard; name = Base; path = Base.lproj/LaunchScreen.storyboard; sourceTree = "<group>"; };
		88DBDAAE28CD9F56004BDFA6 /* Info.plist */ = {isa = PBXFileReference; lastKnownFileType = text.plist.xml; path = Info.plist; sourceTree = "<group>"; };
		88DBDAC028CDA326004BDFA6 /* Composition.swift */ = {isa = PBXFileReference; fileEncoding = 4; lastKnownFileType = sourcecode.swift; path = Composition.swift; sourceTree = "<group>"; };
		88DBDAC128CDA326004BDFA6 /* Clip.swift */ = {isa = PBXFileReference; fileEncoding = 4; lastKnownFileType = sourcecode.swift; path = Clip.swift; sourceTree = "<group>"; };
		88DBDAC828CDA627004BDFA6 /* EditorViewController.swift */ = {isa = PBXFileReference; lastKnownFileType = sourcecode.swift; path = EditorViewController.swift; sourceTree = "<group>"; };
		88DBDACA28CDA814004BDFA6 /* EditorViewController+UI.swift */ = {isa = PBXFileReference; lastKnownFileType = sourcecode.swift; path = "EditorViewController+UI.swift"; sourceTree = "<group>"; };
		88DBDACC28CDAA49004BDFA6 /* EditorBottomToolBar.swift */ = {isa = PBXFileReference; lastKnownFileType = sourcecode.swift; path = EditorBottomToolBar.swift; sourceTree = "<group>"; };
		88DBDAD028CDAA84004BDFA6 /* EditorSubBottomToolBar.swift */ = {isa = PBXFileReference; lastKnownFileType = sourcecode.swift; path = EditorSubBottomToolBar.swift; sourceTree = "<group>"; };
		88DBDAD228CDAA98004BDFA6 /* EditorTopToolBar.swift */ = {isa = PBXFileReference; lastKnownFileType = sourcecode.swift; path = EditorTopToolBar.swift; sourceTree = "<group>"; };
		88DBDAD428CDAAED004BDFA6 /* EditorTimelineBar.swift */ = {isa = PBXFileReference; lastKnownFileType = sourcecode.swift; path = EditorTimelineBar.swift; sourceTree = "<group>"; };
		88DBDAD628CDAB4B004BDFA6 /* EditorPlayerView.swift */ = {isa = PBXFileReference; lastKnownFileType = sourcecode.swift; path = EditorPlayerView.swift; sourceTree = "<group>"; };
		EDA5199041CC9687B2C64F28 /* Pods-MovieKitDemo.debug.xcconfig */ = {isa = PBXFileReference; includeInIndex = 1; lastKnownFileType = text.xcconfig; name = "Pods-MovieKitDemo.debug.xcconfig"; path = "Target Support Files/Pods-MovieKitDemo/Pods-MovieKitDemo.debug.xcconfig"; sourceTree = "<group>"; };
/* End PBXFileReference section */

/* Begin PBXFrameworksBuildPhase section */
		88DBDA9A28CD9F56004BDFA6 /* Frameworks */ = {
			isa = PBXFrameworksBuildPhase;
			buildActionMask = 2147483647;
			files = (
				814BB1D2833A337DFEA89650 /* Pods_MovieKitDemo.framework in Frameworks */,
			);
			runOnlyForDeploymentPostprocessing = 0;
		};
/* End PBXFrameworksBuildPhase section */

/* Begin PBXGroup section */
		5BBD78F2F8823F59AC51EE62 /* Frameworks */ = {
			isa = PBXGroup;
			children = (
				2C802CE1BB7E652B4408BEC4 /* Pods_MovieKitDemo.framework */,
			);
			name = Frameworks;
			sourceTree = "<group>";
		};
		8805BF8228CE3D8300EBDEEF /* ViewController */ = {
			isa = PBXGroup;
			children = (
				8805BF8328CE3D8300EBDEEF /* BaseViewController.swift */,
			);
			path = ViewController;
			sourceTree = "<group>";
		};
		8805BF8528CE3DC600EBDEEF /* Color */ = {
			isa = PBXGroup;
			children = (
				8805BF8628CE3DEF00EBDEEF /* Colors.swift */,
			);
			path = Color;
			sourceTree = "<group>";
		};
		8805BF8828CE400900EBDEEF /* Extension */ = {
			isa = PBXGroup;
			children = (
				8805BF8928CE404000EBDEEF /* UIColor+Extension.swift */,
				8821148B28CF919A003BD150 /* ImagePickerController+Extension.swift */,
			);
			path = Extension;
			sourceTree = "<group>";
		};
		8821148628CF252B003BD150 /* Utils */ = {
			isa = PBXGroup;
			children = (
				8821148728CF2553003BD150 /* ImagePickerHandler.swift */,
			);
			path = Utils;
			sourceTree = "<group>";
		};
		88DBDA9428CD9F56004BDFA6 = {
			isa = PBXGroup;
			children = (
				88DBDABE28CDA326004BDFA6 /* MovieKit */,
				88DBDA9F28CD9F56004BDFA6 /* MovieKitDemo */,
				88DBDA9E28CD9F56004BDFA6 /* Products */,
				EA19B45249D1EBC09BE676C4 /* Pods */,
				5BBD78F2F8823F59AC51EE62 /* Frameworks */,
			);
			sourceTree = "<group>";
		};
		88DBDA9E28CD9F56004BDFA6 /* Products */ = {
			isa = PBXGroup;
			children = (
				88DBDA9D28CD9F56004BDFA6 /* MovieKitDemo.app */,
			);
			name = Products;
			sourceTree = "<group>";
		};
		88DBDA9F28CD9F56004BDFA6 /* MovieKitDemo */ = {
			isa = PBXGroup;
			children = (
				8805BF8828CE400900EBDEEF /* Extension */,
				88DBDAD828CDB37D004BDFA6 /* Common */,
				88DBDAC428CDA5A0004BDFA6 /* Editor */,
				88DBDAA028CD9F56004BDFA6 /* AppDelegate.swift */,
				88DBDAA628CD9F56004BDFA6 /* Main.storyboard */,
				88DBDAA928CD9F56004BDFA6 /* Assets.xcassets */,
				88DBDAAB28CD9F56004BDFA6 /* LaunchScreen.storyboard */,
				88DBDAAE28CD9F56004BDFA6 /* Info.plist */,
			);
			path = MovieKitDemo;
			sourceTree = "<group>";
		};
		88DBDABE28CDA326004BDFA6 /* MovieKit */ = {
			isa = PBXGroup;
			children = (
				88DBDABF28CDA326004BDFA6 /* Core */,
			);
			path = MovieKit;
			sourceTree = "<group>";
		};
		88DBDABF28CDA326004BDFA6 /* Core */ = {
			isa = PBXGroup;
			children = (
				88DBDAC128CDA326004BDFA6 /* Clip.swift */,
				88DBDAC028CDA326004BDFA6 /* Composition.swift */,
			);
			path = Core;
			sourceTree = "<group>";
		};
		88DBDAC428CDA5A0004BDFA6 /* Editor */ = {
			isa = PBXGroup;
			children = (
				88DBDAC628CDA5F0004BDFA6 /* Model */,
				88DBDAC728CDA5F0004BDFA6 /* View */,
				88DBDAC528CDA5E0004BDFA6 /* ViewController */,
			);
			path = Editor;
			sourceTree = "<group>";
		};
		88DBDAC528CDA5E0004BDFA6 /* ViewController */ = {
			isa = PBXGroup;
			children = (
				88DBDAC828CDA627004BDFA6 /* EditorViewController.swift */,
				88DBDACA28CDA814004BDFA6 /* EditorViewController+UI.swift */,
				8805BF8D28CEDBA800EBDEEF /* EditorViewController+EditorTimelineBarDelegate.swift */,
			);
			path = ViewController;
			sourceTree = "<group>";
		};
		88DBDAC628CDA5F0004BDFA6 /* Model */ = {
			isa = PBXGroup;
			children = (
			);
			path = Model;
			sourceTree = "<group>";
		};
		88DBDAC728CDA5F0004BDFA6 /* View */ = {
			isa = PBXGroup;
			children = (
				88DBDACC28CDAA49004BDFA6 /* EditorBottomToolBar.swift */,
				88DBDAD028CDAA84004BDFA6 /* EditorSubBottomToolBar.swift */,
				88DBDAD228CDAA98004BDFA6 /* EditorTopToolBar.swift */,
				88DBDAD428CDAAED004BDFA6 /* EditorTimelineBar.swift */,
				88DBDAD628CDAB4B004BDFA6 /* EditorPlayerView.swift */,
			);
			path = View;
			sourceTree = "<group>";
		};
		88DBDAD828CDB37D004BDFA6 /* Common */ = {
			isa = PBXGroup;
			children = (
				8805BF8528CE3DC600EBDEEF /* Color */,
				8821148628CF252B003BD150 /* Utils */,
				8805BF8228CE3D8300EBDEEF /* ViewController */,
			);
			path = Common;
			sourceTree = "<group>";
		};
		EA19B45249D1EBC09BE676C4 /* Pods */ = {
			isa = PBXGroup;
			children = (
				EDA5199041CC9687B2C64F28 /* Pods-MovieKitDemo.debug.xcconfig */,
				1694066F573AD98BB2469368 /* Pods-MovieKitDemo.release.xcconfig */,
			);
			path = Pods;
			sourceTree = "<group>";
		};
/* End PBXGroup section */

/* Begin PBXNativeTarget section */
		88DBDA9C28CD9F56004BDFA6 /* MovieKitDemo */ = {
			isa = PBXNativeTarget;
			buildConfigurationList = 88DBDAB128CD9F56004BDFA6 /* Build configuration list for PBXNativeTarget "MovieKitDemo" */;
			buildPhases = (
				0A1A4A2E64D41E9F906F80D8 /* [CP] Check Pods Manifest.lock */,
				88DBDA9928CD9F56004BDFA6 /* Sources */,
				88DBDA9A28CD9F56004BDFA6 /* Frameworks */,
				88DBDA9B28CD9F56004BDFA6 /* Resources */,
				D1B052113A9DAE9F8E6ED709 /* [CP] Embed Pods Frameworks */,
			);
			buildRules = (
			);
			dependencies = (
			);
			name = MovieKitDemo;
			productName = MovieKitDemo;
			productReference = 88DBDA9D28CD9F56004BDFA6 /* MovieKitDemo.app */;
			productType = "com.apple.product-type.application";
		};
/* End PBXNativeTarget section */

/* Begin PBXProject section */
		88DBDA9528CD9F56004BDFA6 /* Project object */ = {
			isa = PBXProject;
			attributes = {
				BuildIndependentTargetsInParallel = 1;
				LastSwiftUpdateCheck = 1340;
				LastUpgradeCheck = 1340;
				ORGANIZATIONNAME = "Lyman Li";
				TargetAttributes = {
					88DBDA9C28CD9F56004BDFA6 = {
						CreatedOnToolsVersion = 13.4.1;
					};
				};
			};
			buildConfigurationList = 88DBDA9828CD9F56004BDFA6 /* Build configuration list for PBXProject "MovieKitDemo" */;
			compatibilityVersion = "Xcode 13.0";
			developmentRegion = en;
			hasScannedForEncodings = 0;
			knownRegions = (
				en,
				Base,
			);
			mainGroup = 88DBDA9428CD9F56004BDFA6;
			productRefGroup = 88DBDA9E28CD9F56004BDFA6 /* Products */;
			projectDirPath = "";
			projectRoot = "";
			targets = (
				88DBDA9C28CD9F56004BDFA6 /* MovieKitDemo */,
			);
		};
/* End PBXProject section */

/* Begin PBXResourcesBuildPhase section */
		88DBDA9B28CD9F56004BDFA6 /* Resources */ = {
			isa = PBXResourcesBuildPhase;
			buildActionMask = 2147483647;
			files = (
				88DBDAAD28CD9F56004BDFA6 /* LaunchScreen.storyboard in Resources */,
				88DBDAAA28CD9F56004BDFA6 /* Assets.xcassets in Resources */,
				88DBDAA828CD9F56004BDFA6 /* Main.storyboard in Resources */,
			);
			runOnlyForDeploymentPostprocessing = 0;
		};
/* End PBXResourcesBuildPhase section */

/* Begin PBXShellScriptBuildPhase section */
		0A1A4A2E64D41E9F906F80D8 /* [CP] Check Pods Manifest.lock */ = {
			isa = PBXShellScriptBuildPhase;
			buildActionMask = 2147483647;
			files = (
			);
			inputFileListPaths = (
			);
			inputPaths = (
				"${PODS_PODFILE_DIR_PATH}/Podfile.lock",
				"${PODS_ROOT}/Manifest.lock",
			);
			name = "[CP] Check Pods Manifest.lock";
			outputFileListPaths = (
			);
			outputPaths = (
				"$(DERIVED_FILE_DIR)/Pods-MovieKitDemo-checkManifestLockResult.txt",
			);
			runOnlyForDeploymentPostprocessing = 0;
			shellPath = /bin/sh;
			shellScript = "diff \"${PODS_PODFILE_DIR_PATH}/Podfile.lock\" \"${PODS_ROOT}/Manifest.lock\" > /dev/null\nif [ $? != 0 ] ; then\n    # print error to STDERR\n    echo \"error: The sandbox is not in sync with the Podfile.lock. Run 'pod install' or update your CocoaPods installation.\" >&2\n    exit 1\nfi\n# This output is used by Xcode 'outputs' to avoid re-running this script phase.\necho \"SUCCESS\" > \"${SCRIPT_OUTPUT_FILE_0}\"\n";
			showEnvVarsInLog = 0;
		};
		D1B052113A9DAE9F8E6ED709 /* [CP] Embed Pods Frameworks */ = {
			isa = PBXShellScriptBuildPhase;
			buildActionMask = 2147483647;
			files = (
			);
			inputFileListPaths = (
				"${PODS_ROOT}/Target Support Files/Pods-MovieKitDemo/Pods-MovieKitDemo-frameworks-${CONFIGURATION}-input-files.xcfilelist",
			);
			name = "[CP] Embed Pods Frameworks";
			outputFileListPaths = (
				"${PODS_ROOT}/Target Support Files/Pods-MovieKitDemo/Pods-MovieKitDemo-frameworks-${CONFIGURATION}-output-files.xcfilelist",
			);
			runOnlyForDeploymentPostprocessing = 0;
			shellPath = /bin/sh;
			shellScript = "\"${PODS_ROOT}/Target Support Files/Pods-MovieKitDemo/Pods-MovieKitDemo-frameworks.sh\"\n";
			showEnvVarsInLog = 0;
		};
/* End PBXShellScriptBuildPhase section */

/* Begin PBXSourcesBuildPhase section */
		88DBDA9928CD9F56004BDFA6 /* Sources */ = {
			isa = PBXSourcesBuildPhase;
			buildActionMask = 2147483647;
			files = (
				88DBDAD528CDAAED004BDFA6 /* EditorTimelineBar.swift in Sources */,
				8805BF8728CE3DEF00EBDEEF /* Colors.swift in Sources */,
				8821148828CF2553003BD150 /* ImagePickerHandler.swift in Sources */,
				88DBDAC228CDA326004BDFA6 /* Composition.swift in Sources */,
				8805BF8428CE3D8300EBDEEF /* BaseViewController.swift in Sources */,
				88DBDAC328CDA326004BDFA6 /* Clip.swift in Sources */,
				88DBDAA128CD9F56004BDFA6 /* AppDelegate.swift in Sources */,
				88DBDACB28CDA814004BDFA6 /* EditorViewController+UI.swift in Sources */,
				88DBDAC928CDA627004BDFA6 /* EditorViewController.swift in Sources */,
				88DBDAD728CDAB4B004BDFA6 /* EditorPlayerView.swift in Sources */,
				88DBDACD28CDAA49004BDFA6 /* EditorBottomToolBar.swift in Sources */,
				8805BF8E28CEDBA800EBDEEF /* EditorViewController+EditorTimelineBarDelegate.swift in Sources */,
				8805BF8A28CE404000EBDEEF /* UIColor+Extension.swift in Sources */,
				8821148C28CF919A003BD150 /* ImagePickerController+Extension.swift in Sources */,
				88DBDAD328CDAA98004BDFA6 /* EditorTopToolBar.swift in Sources */,
				88DBDAD128CDAA84004BDFA6 /* EditorSubBottomToolBar.swift in Sources */,
			);
			runOnlyForDeploymentPostprocessing = 0;
		};
/* End PBXSourcesBuildPhase section */

/* Begin PBXVariantGroup section */
		88DBDAA628CD9F56004BDFA6 /* Main.storyboard */ = {
			isa = PBXVariantGroup;
			children = (
				88DBDAA728CD9F56004BDFA6 /* Base */,
			);
			name = Main.storyboard;
			sourceTree = "<group>";
		};
		88DBDAAB28CD9F56004BDFA6 /* LaunchScreen.storyboard */ = {
			isa = PBXVariantGroup;
			children = (
				88DBDAAC28CD9F56004BDFA6 /* Base */,
			);
			name = LaunchScreen.storyboard;
			sourceTree = "<group>";
		};
/* End PBXVariantGroup section */

/* Begin XCBuildConfiguration section */
		88DBDAAF28CD9F56004BDFA6 /* Debug */ = {
			isa = XCBuildConfiguration;
			buildSettings = {
				ALWAYS_SEARCH_USER_PATHS = NO;
				CLANG_ANALYZER_NONNULL = YES;
				CLANG_ANALYZER_NUMBER_OBJECT_CONVERSION = YES_AGGRESSIVE;
				CLANG_CXX_LANGUAGE_STANDARD = "gnu++17";
				CLANG_ENABLE_MODULES = YES;
				CLANG_ENABLE_OBJC_ARC = YES;
				CLANG_ENABLE_OBJC_WEAK = YES;
				CLANG_WARN_BLOCK_CAPTURE_AUTORELEASING = YES;
				CLANG_WARN_BOOL_CONVERSION = YES;
				CLANG_WARN_COMMA = YES;
				CLANG_WARN_CONSTANT_CONVERSION = YES;
				CLANG_WARN_DEPRECATED_OBJC_IMPLEMENTATIONS = YES;
				CLANG_WARN_DIRECT_OBJC_ISA_USAGE = YES_ERROR;
				CLANG_WARN_DOCUMENTATION_COMMENTS = YES;
				CLANG_WARN_EMPTY_BODY = YES;
				CLANG_WARN_ENUM_CONVERSION = YES;
				CLANG_WARN_INFINITE_RECURSION = YES;
				CLANG_WARN_INT_CONVERSION = YES;
				CLANG_WARN_NON_LITERAL_NULL_CONVERSION = YES;
				CLANG_WARN_OBJC_IMPLICIT_RETAIN_SELF = YES;
				CLANG_WARN_OBJC_LITERAL_CONVERSION = YES;
				CLANG_WARN_OBJC_ROOT_CLASS = YES_ERROR;
				CLANG_WARN_QUOTED_INCLUDE_IN_FRAMEWORK_HEADER = YES;
				CLANG_WARN_RANGE_LOOP_ANALYSIS = YES;
				CLANG_WARN_STRICT_PROTOTYPES = YES;
				CLANG_WARN_SUSPICIOUS_MOVE = YES;
				CLANG_WARN_UNGUARDED_AVAILABILITY = YES_AGGRESSIVE;
				CLANG_WARN_UNREACHABLE_CODE = YES;
				CLANG_WARN__DUPLICATE_METHOD_MATCH = YES;
				COPY_PHASE_STRIP = NO;
				DEBUG_INFORMATION_FORMAT = dwarf;
				ENABLE_STRICT_OBJC_MSGSEND = YES;
				ENABLE_TESTABILITY = YES;
				GCC_C_LANGUAGE_STANDARD = gnu11;
				GCC_DYNAMIC_NO_PIC = NO;
				GCC_NO_COMMON_BLOCKS = YES;
				GCC_OPTIMIZATION_LEVEL = 0;
				GCC_PREPROCESSOR_DEFINITIONS = (
					"DEBUG=1",
					"$(inherited)",
				);
				GCC_WARN_64_TO_32_BIT_CONVERSION = YES;
				GCC_WARN_ABOUT_RETURN_TYPE = YES_ERROR;
				GCC_WARN_UNDECLARED_SELECTOR = YES;
				GCC_WARN_UNINITIALIZED_AUTOS = YES_AGGRESSIVE;
				GCC_WARN_UNUSED_FUNCTION = YES;
				GCC_WARN_UNUSED_VARIABLE = YES;
				IPHONEOS_DEPLOYMENT_TARGET = 15.5;
				MTL_ENABLE_DEBUG_INFO = INCLUDE_SOURCE;
				MTL_FAST_MATH = YES;
				ONLY_ACTIVE_ARCH = YES;
				SDKROOT = iphoneos;
				SWIFT_ACTIVE_COMPILATION_CONDITIONS = DEBUG;
				SWIFT_OPTIMIZATION_LEVEL = "-Onone";
			};
			name = Debug;
		};
		88DBDAB028CD9F56004BDFA6 /* Release */ = {
			isa = XCBuildConfiguration;
			buildSettings = {
				ALWAYS_SEARCH_USER_PATHS = NO;
				CLANG_ANALYZER_NONNULL = YES;
				CLANG_ANALYZER_NUMBER_OBJECT_CONVERSION = YES_AGGRESSIVE;
				CLANG_CXX_LANGUAGE_STANDARD = "gnu++17";
				CLANG_ENABLE_MODULES = YES;
				CLANG_ENABLE_OBJC_ARC = YES;
				CLANG_ENABLE_OBJC_WEAK = YES;
				CLANG_WARN_BLOCK_CAPTURE_AUTORELEASING = YES;
				CLANG_WARN_BOOL_CONVERSION = YES;
				CLANG_WARN_COMMA = YES;
				CLANG_WARN_CONSTANT_CONVERSION = YES;
				CLANG_WARN_DEPRECATED_OBJC_IMPLEMENTATIONS = YES;
				CLANG_WARN_DIRECT_OBJC_ISA_USAGE = YES_ERROR;
				CLANG_WARN_DOCUMENTATION_COMMENTS = YES;
				CLANG_WARN_EMPTY_BODY = YES;
				CLANG_WARN_ENUM_CONVERSION = YES;
				CLANG_WARN_INFINITE_RECURSION = YES;
				CLANG_WARN_INT_CONVERSION = YES;
				CLANG_WARN_NON_LITERAL_NULL_CONVERSION = YES;
				CLANG_WARN_OBJC_IMPLICIT_RETAIN_SELF = YES;
				CLANG_WARN_OBJC_LITERAL_CONVERSION = YES;
				CLANG_WARN_OBJC_ROOT_CLASS = YES_ERROR;
				CLANG_WARN_QUOTED_INCLUDE_IN_FRAMEWORK_HEADER = YES;
				CLANG_WARN_RANGE_LOOP_ANALYSIS = YES;
				CLANG_WARN_STRICT_PROTOTYPES = YES;
				CLANG_WARN_SUSPICIOUS_MOVE = YES;
				CLANG_WARN_UNGUARDED_AVAILABILITY = YES_AGGRESSIVE;
				CLANG_WARN_UNREACHABLE_CODE = YES;
				CLANG_WARN__DUPLICATE_METHOD_MATCH = YES;
				COPY_PHASE_STRIP = NO;
				DEBUG_INFORMATION_FORMAT = "dwarf-with-dsym";
				ENABLE_NS_ASSERTIONS = NO;
				ENABLE_STRICT_OBJC_MSGSEND = YES;
				GCC_C_LANGUAGE_STANDARD = gnu11;
				GCC_NO_COMMON_BLOCKS = YES;
				GCC_WARN_64_TO_32_BIT_CONVERSION = YES;
				GCC_WARN_ABOUT_RETURN_TYPE = YES_ERROR;
				GCC_WARN_UNDECLARED_SELECTOR = YES;
				GCC_WARN_UNINITIALIZED_AUTOS = YES_AGGRESSIVE;
				GCC_WARN_UNUSED_FUNCTION = YES;
				GCC_WARN_UNUSED_VARIABLE = YES;
				IPHONEOS_DEPLOYMENT_TARGET = 15.5;
				MTL_ENABLE_DEBUG_INFO = NO;
				MTL_FAST_MATH = YES;
				SDKROOT = iphoneos;
				SWIFT_COMPILATION_MODE = wholemodule;
				SWIFT_OPTIMIZATION_LEVEL = "-O";
				VALIDATE_PRODUCT = YES;
			};
			name = Release;
		};
		88DBDAB228CD9F56004BDFA6 /* Debug */ = {
			isa = XCBuildConfiguration;
			baseConfigurationReference = EDA5199041CC9687B2C64F28 /* Pods-MovieKitDemo.debug.xcconfig */;
			buildSettings = {
				ASSETCATALOG_COMPILER_APPICON_NAME = AppIcon;
				ASSETCATALOG_COMPILER_GLOBAL_ACCENT_COLOR_NAME = AccentColor;
				CODE_SIGN_STYLE = Automatic;
				CURRENT_PROJECT_VERSION = 1;
				DEVELOPMENT_TEAM = 7P79J85545;
				GENERATE_INFOPLIST_FILE = YES;
				INFOPLIST_FILE = MovieKitDemo/Info.plist;
				INFOPLIST_KEY_NSPhotoLibraryUsageDescription = "需要您的同意，才能访问相册";
				INFOPLIST_KEY_UIApplicationSupportsIndirectInputEvents = YES;
				INFOPLIST_KEY_UILaunchStoryboardName = LaunchScreen;
				INFOPLIST_KEY_UIMainStoryboardFile = Main;
				INFOPLIST_KEY_UISupportedInterfaceOrientations = UIInterfaceOrientationPortrait;
				INFOPLIST_KEY_UISupportedInterfaceOrientations_iPad = "UIInterfaceOrientationPortrait UIInterfaceOrientationPortraitUpsideDown UIInterfaceOrientationLandscapeLeft UIInterfaceOrientationLandscapeRight";
				INFOPLIST_KEY_UISupportedInterfaceOrientations_iPhone = "UIInterfaceOrientationPortrait UIInterfaceOrientationLandscapeLeft UIInterfaceOrientationLandscapeRight";
				IPHONEOS_DEPLOYMENT_TARGET = 11.0;
				LD_RUNPATH_SEARCH_PATHS = (
					"$(inherited)",
					"@executable_path/Frameworks",
				);
				MARKETING_VERSION = 1.0;
				PRODUCT_BUNDLE_IDENTIFIER = lymanli.MovieKitDemo;
				PRODUCT_NAME = "$(TARGET_NAME)";
				SWIFT_EMIT_LOC_STRINGS = YES;
				SWIFT_VERSION = 5.0;
				TARGETED_DEVICE_FAMILY = 1;
			};
			name = Debug;
		};
		88DBDAB328CD9F56004BDFA6 /* Release */ = {
			isa = XCBuildConfiguration;
			baseConfigurationReference = 1694066F573AD98BB2469368 /* Pods-MovieKitDemo.release.xcconfig */;
			buildSettings = {
				ASSETCATALOG_COMPILER_APPICON_NAME = AppIcon;
				ASSETCATALOG_COMPILER_GLOBAL_ACCENT_COLOR_NAME = AccentColor;
				CODE_SIGN_STYLE = Automatic;
				CURRENT_PROJECT_VERSION = 1;
				DEVELOPMENT_TEAM = 7P79J85545;
				GENERATE_INFOPLIST_FILE = YES;
				INFOPLIST_FILE = MovieKitDemo/Info.plist;
				INFOPLIST_KEY_NSPhotoLibraryUsageDescription = "需要您的同意，才能访问相册";
				INFOPLIST_KEY_UIApplicationSupportsIndirectInputEvents = YES;
				INFOPLIST_KEY_UILaunchStoryboardName = LaunchScreen;
				INFOPLIST_KEY_UIMainStoryboardFile = Main;
				INFOPLIST_KEY_UISupportedInterfaceOrientations = UIInterfaceOrientationPortrait;
				INFOPLIST_KEY_UISupportedInterfaceOrientations_iPad = "UIInterfaceOrientationPortrait UIInterfaceOrientationPortraitUpsideDown UIInterfaceOrientationLandscapeLeft UIInterfaceOrientationLandscapeRight";
				INFOPLIST_KEY_UISupportedInterfaceOrientations_iPhone = "UIInterfaceOrientationPortrait UIInterfaceOrientationLandscapeLeft UIInterfaceOrientationLandscapeRight";
				IPHONEOS_DEPLOYMENT_TARGET = 11.0;
				LD_RUNPATH_SEARCH_PATHS = (
					"$(inherited)",
					"@executable_path/Frameworks",
				);
				MARKETING_VERSION = 1.0;
				PRODUCT_BUNDLE_IDENTIFIER = lymanli.MovieKitDemo;
				PRODUCT_NAME = "$(TARGET_NAME)";
				SWIFT_EMIT_LOC_STRINGS = YES;
				SWIFT_VERSION = 5.0;
				TARGETED_DEVICE_FAMILY = 1;
			};
			name = Release;
		};
/* End XCBuildConfiguration section */

/* Begin XCConfigurationList section */
		88DBDA9828CD9F56004BDFA6 /* Build configuration list for PBXProject "MovieKitDemo" */ = {
			isa = XCConfigurationList;
			buildConfigurations = (
				88DBDAAF28CD9F56004BDFA6 /* Debug */,
				88DBDAB028CD9F56004BDFA6 /* Release */,
			);
			defaultConfigurationIsVisible = 0;
			defaultConfigurationName = Release;
		};
		88DBDAB128CD9F56004BDFA6 /* Build configuration list for PBXNativeTarget "MovieKitDemo" */ = {
			isa = XCConfigurationList;
			buildConfigurations = (
				88DBDAB228CD9F56004BDFA6 /* Debug */,
				88DBDAB328CD9F56004BDFA6 /* Release */,
			);
			defaultConfigurationIsVisible = 0;
			defaultConfigurationName = Release;
		};
/* End XCConfigurationList section */
	};
	rootObject = 88DBDA9528CD9F56004BDFA6 /* Project object */;
}
